
Microsoft Visual Studio Solution File, Format Version 12.00
# Visual Studio Version 17
VisualStudioVersion = 17.8.34511.84
MinimumVisualStudioVersion = 10.0.40219.1
Project("{9A19103F-16F7-4668-BE54-9A1E7A4F7556}") = "SumOf3", "SumOf3\SumOf3.csproj", "{41196A89-FA7D-4A61-9BA0-BE389F45EA3F}"
EndProject
Project("{9A19103F-16F7-4668-BE54-9A1E7A4F7556}") = "CoinToss", "CoinToss\CoinToss.csproj", "{6BE84811-76F8-4EDE-8788-9235D03AE083}"
EndProject
Project("{9A19103F-16F7-4668-BE54-9A1E7A4F7556}") = "GuessANumber", "GuessANumber\GuessANumber.csproj", "{4B65E54A-6FEC-4F5C-AA13-AEC38F41412D}"
EndProject
Project("{9A19103F-16F7-4668-BE54-9A1E7A4F7556}") = "BankAccountInfo", "BankAccountInfo\BankAccountInfo.csproj", "{B7E17E33-DD53-4DD9-BFED-6EAF7A746E4B}"
EndProject
Project("{9A19103F-16F7-4668-BE54-9A1E7A4F7556}") = "StringManipulation", "StringManipulation\StringManipulation.csproj", "{A1E551A2-AC2F-44B4-99BE-4D571E586E83}"
EndProject
Project("{9A19103F-16F7-4668-BE54-9A1E7A4F7556}") = "AllTypesOfCollections", "AllTypesOfCollections\AllTypesOfCollections.csproj", "{1BA56941-EDA3-4804-9780-0529D43C58FA}"
EndProject
Project("{9A19103F-16F7-4668-BE54-9A1E7A4F7556}") = "ProcessingACsvFile", "ProcessingACsvFile\ProcessingACsvFile.csproj", "{70F7271D-06EE-4994-B790-7F06C7E7C230}"
EndProject
Project("{FAE04EC0-301F-11D3-BF4B-00C04F79EFBC}") = "ProcessingACSVFile2", "ProcessingACSVFile2\ProcessingACSVFile2.csproj", "{3B9E860B-B377-487E-ADF4-98CA7385807E}"
EndProject
Global
	GlobalSection(SolutionConfigurationPlatforms) = preSolution
		Debug|Any CPU = Debug|Any CPU
		Release|Any CPU = Release|Any CPU
	EndGlobalSection
	GlobalSection(ProjectConfigurationPlatforms) = postSolution
		{41196A89-FA7D-4A61-9BA0-BE389F45EA3F}.Debug|Any CPU.ActiveCfg = Debug|Any CPU
		{41196A89-FA7D-4A61-9BA0-BE389F45EA3F}.Debug|Any CPU.Build.0 = Debug|Any CPU
		{41196A89-FA7D-4A61-9BA0-BE389F45EA3F}.Release|Any CPU.ActiveCfg = Release|Any CPU
		{41196A89-FA7D-4A61-9BA0-BE389F45EA3F}.Release|Any CPU.Build.0 = Release|Any CPU
		{6BE84811-76F8-4EDE-8788-9235D03AE083}.Debug|Any CPU.ActiveCfg = Debug|Any CPU
		{6BE84811-76F8-4EDE-8788-9235D03AE083}.Debug|Any CPU.Build.0 = Debug|Any CPU
		{6BE84811-76F8-4EDE-8788-9235D03AE083}.Release|Any CPU.ActiveCfg = Release|Any CPU
		{6BE84811-76F8-4EDE-8788-9235D03AE083}.Release|Any CPU.Build.0 = Release|Any CPU
		{4B65E54A-6FEC-4F5C-AA13-AEC38F41412D}.Debug|Any CPU.ActiveCfg = Debug|Any CPU
		{4B65E54A-6FEC-4F5C-AA13-AEC38F41412D}.Debug|Any CPU.Build.0 = Debug|Any CPU
		{4B65E54A-6FEC-4F5C-AA13-AEC38F41412D}.Release|Any CPU.ActiveCfg = Release|Any CPU
		{4B65E54A-6FEC-4F5C-AA13-AEC38F41412D}.Release|Any CPU.Build.0 = Release|Any CPU
		{B7E17E33-DD53-4DD9-BFED-6EAF7A746E4B}.Debug|Any CPU.ActiveCfg = Debug|Any CPU
		{B7E17E33-DD53-4DD9-BFED-6EAF7A746E4B}.Debug|Any CPU.Build.0 = Debug|Any CPU
		{B7E17E33-DD53-4DD9-BFED-6EAF7A746E4B}.Release|Any CPU.ActiveCfg = Release|Any CPU
		{B7E17E33-DD53-4DD9-BFED-6EAF7A746E4B}.Release|Any CPU.Build.0 = Release|Any CPU
		{A1E551A2-AC2F-44B4-99BE-4D571E586E83}.Debug|Any CPU.ActiveCfg = Debug|Any CPU
		{A1E551A2-AC2F-44B4-99BE-4D571E586E83}.Debug|Any CPU.Build.0 = Debug|Any CPU
		{A1E551A2-AC2F-44B4-99BE-4D571E586E83}.Release|Any CPU.ActiveCfg = Release|Any CPU
		{A1E551A2-AC2F-44B4-99BE-4D571E586E83}.Release|Any CPU.Build.0 = Release|Any CPU
		{1BA56941-EDA3-4804-9780-0529D43C58FA}.Debug|Any CPU.ActiveCfg = Debug|Any CPU
		{1BA56941-EDA3-4804-9780-0529D43C58FA}.Debug|Any CPU.Build.0 = Debug|Any CPU
		{1BA56941-EDA3-4804-9780-0529D43C58FA}.Release|Any CPU.ActiveCfg = Release|Any CPU
		{1BA56941-EDA3-4804-9780-0529D43C58FA}.Release|Any CPU.Build.0 = Release|Any CPU
		{70F7271D-06EE-4994-B790-7F06C7E7C230}.Debug|Any CPU.ActiveCfg = Debug|Any CPU
		{70F7271D-06EE-4994-B790-7F06C7E7C230}.Debug|Any CPU.Build.0 = Debug|Any CPU
		{70F7271D-06EE-4994-B790-7F06C7E7C230}.Release|Any CPU.ActiveCfg = Release|Any CPU
		{70F7271D-06EE-4994-B790-7F06C7E7C230}.Release|Any CPU.Build.0 = Release|Any CPU
		{3B9E860B-B377-487E-ADF4-98CA7385807E}.Debug|Any CPU.ActiveCfg = Debug|Any CPU
		{3B9E860B-B377-487E-ADF4-98CA7385807E}.Debug|Any CPU.Build.0 = Debug|Any CPU
		{3B9E860B-B377-487E-ADF4-98CA7385807E}.Release|Any CPU.ActiveCfg = Release|Any CPU
		{3B9E860B-B377-487E-ADF4-98CA7385807E}.Release|Any CPU.Build.0 = Release|Any CPU
	EndGlobalSection
	GlobalSection(SolutionProperties) = preSolution
		HideSolutionNode = FALSE
	EndGlobalSection
	GlobalSection(ExtensibilityGlobals) = postSolution
		SolutionGuid = {42127BE2-08ED-42E2-B5C3-D1DF0BE0C99B}
	EndGlobalSection
EndGlobal
