
Microsoft Visual Studio Solution File, Format Version 12.00
# Visual Studio Version 17
VisualStudioVersion = 17.8.34511.84
MinimumVisualStudioVersion = 10.0.40219.1
Project("{9A19103F-16F7-4668-BE54-9A1E7A4F7556}") = "Variables_And_Expressions", "Variables_And_Expressions\Variables_And_Expressions.csproj", "{8C4D24C9-509A-4178-83FE-9D03BABC9547}"
EndProject
Project("{9A19103F-16F7-4668-BE54-9A1E7A4F7556}") = "Conditionals_Example3", "Conditionals_Example3\Conditionals_Example3.csproj", "{675FB6E1-6CFB-44CE-AB33-584BB4BB20D4}"
EndProject
Project("{9A19103F-16F7-4668-BE54-9A1E7A4F7556}") = "Loops_Example1", "Loops_Example1\Loops_Example1.csproj", "{3D675EAC-4A98-4BA4-8A71-AC107993AD70}"
EndProject
Project("{9A19103F-16F7-4668-BE54-9A1E7A4F7556}") = "Loops_Example3", "Loops_Example3\Loops_Example3.csproj", "{D68FE4C3-4F2C-42C5-B9CC-0B5432D31F64}"
EndProject
Project("{9A19103F-16F7-4668-BE54-9A1E7A4F7556}") = "StringManipulation", "StringManipulation\StringManipulation.csproj", "{393FB6C4-E8D9-4DB4-9A91-24C5AF23BA52}"
EndProject
Project("{9A19103F-16F7-4668-BE54-9A1E7A4F7556}") = "ReadingInAFile", "ReadingInAFile\ReadingInAFile.csproj", "{F4C33789-5130-4CC7-A6F3-185C8A39D628}"
EndProject
Project("{9A19103F-16F7-4668-BE54-9A1E7A4F7556}") = "Collections_ParallelArrays", "Collections_ParallelArrays\Collections_ParallelArrays.csproj", "{D4612B23-5BF6-421A-8A0B-6A3661927927}"
EndProject
Project("{9A19103F-16F7-4668-BE54-9A1E7A4F7556}") = "Collections_Dictionary", "Collections_Dictionary\Collections_Dictionary.csproj", "{8460445A-36F4-44F3-9B56-513AF973A694}"
EndProject
Project("{9A19103F-16F7-4668-BE54-9A1E7A4F7556}") = "Collections_List", "Collections_List\Collections_List.csproj", "{F11BCC97-A0CF-402F-8BE0-289BFAAD4B5F}"
EndProject
Project("{FAE04EC0-301F-11D3-BF4B-00C04F79EFBC}") = "Methods", "Methods\Methods.csproj", "{0D800EA2-B318-4B6E-8081-CFBE99511665}"
EndProject
Global
	GlobalSection(SolutionConfigurationPlatforms) = preSolution
		Debug|Any CPU = Debug|Any CPU
		Release|Any CPU = Release|Any CPU
	EndGlobalSection
	GlobalSection(ProjectConfigurationPlatforms) = postSolution
		{8C4D24C9-509A-4178-83FE-9D03BABC9547}.Debug|Any CPU.ActiveCfg = Debug|Any CPU
		{8C4D24C9-509A-4178-83FE-9D03BABC9547}.Debug|Any CPU.Build.0 = Debug|Any CPU
		{8C4D24C9-509A-4178-83FE-9D03BABC9547}.Release|Any CPU.ActiveCfg = Release|Any CPU
		{8C4D24C9-509A-4178-83FE-9D03BABC9547}.Release|Any CPU.Build.0 = Release|Any CPU
		{675FB6E1-6CFB-44CE-AB33-584BB4BB20D4}.Debug|Any CPU.ActiveCfg = Debug|Any CPU
		{675FB6E1-6CFB-44CE-AB33-584BB4BB20D4}.Debug|Any CPU.Build.0 = Debug|Any CPU
		{675FB6E1-6CFB-44CE-AB33-584BB4BB20D4}.Release|Any CPU.ActiveCfg = Release|Any CPU
		{675FB6E1-6CFB-44CE-AB33-584BB4BB20D4}.Release|Any CPU.Build.0 = Release|Any CPU
		{3D675EAC-4A98-4BA4-8A71-AC107993AD70}.Debug|Any CPU.ActiveCfg = Debug|Any CPU
		{3D675EAC-4A98-4BA4-8A71-AC107993AD70}.Debug|Any CPU.Build.0 = Debug|Any CPU
		{3D675EAC-4A98-4BA4-8A71-AC107993AD70}.Release|Any CPU.ActiveCfg = Release|Any CPU
		{3D675EAC-4A98-4BA4-8A71-AC107993AD70}.Release|Any CPU.Build.0 = Release|Any CPU
		{D68FE4C3-4F2C-42C5-B9CC-0B5432D31F64}.Debug|Any CPU.ActiveCfg = Debug|Any CPU
		{D68FE4C3-4F2C-42C5-B9CC-0B5432D31F64}.Debug|Any CPU.Build.0 = Debug|Any CPU
		{D68FE4C3-4F2C-42C5-B9CC-0B5432D31F64}.Release|Any CPU.ActiveCfg = Release|Any CPU
		{D68FE4C3-4F2C-42C5-B9CC-0B5432D31F64}.Release|Any CPU.Build.0 = Release|Any CPU
		{393FB6C4-E8D9-4DB4-9A91-24C5AF23BA52}.Debug|Any CPU.ActiveCfg = Debug|Any CPU
		{393FB6C4-E8D9-4DB4-9A91-24C5AF23BA52}.Debug|Any CPU.Build.0 = Debug|Any CPU
		{393FB6C4-E8D9-4DB4-9A91-24C5AF23BA52}.Release|Any CPU.ActiveCfg = Release|Any CPU
		{393FB6C4-E8D9-4DB4-9A91-24C5AF23BA52}.Release|Any CPU.Build.0 = Release|Any CPU
		{F4C33789-5130-4CC7-A6F3-185C8A39D628}.Debug|Any CPU.ActiveCfg = Debug|Any CPU
		{F4C33789-5130-4CC7-A6F3-185C8A39D628}.Debug|Any CPU.Build.0 = Debug|Any CPU
		{F4C33789-5130-4CC7-A6F3-185C8A39D628}.Release|Any CPU.ActiveCfg = Release|Any CPU
		{F4C33789-5130-4CC7-A6F3-185C8A39D628}.Release|Any CPU.Build.0 = Release|Any CPU
		{D4612B23-5BF6-421A-8A0B-6A3661927927}.Debug|Any CPU.ActiveCfg = Debug|Any CPU
		{D4612B23-5BF6-421A-8A0B-6A3661927927}.Debug|Any CPU.Build.0 = Debug|Any CPU
		{D4612B23-5BF6-421A-8A0B-6A3661927927}.Release|Any CPU.ActiveCfg = Release|Any CPU
		{D4612B23-5BF6-421A-8A0B-6A3661927927}.Release|Any CPU.Build.0 = Release|Any CPU
		{8460445A-36F4-44F3-9B56-513AF973A694}.Debug|Any CPU.ActiveCfg = Debug|Any CPU
		{8460445A-36F4-44F3-9B56-513AF973A694}.Debug|Any CPU.Build.0 = Debug|Any CPU
		{8460445A-36F4-44F3-9B56-513AF973A694}.Release|Any CPU.ActiveCfg = Release|Any CPU
		{8460445A-36F4-44F3-9B56-513AF973A694}.Release|Any CPU.Build.0 = Release|Any CPU
		{F11BCC97-A0CF-402F-8BE0-289BFAAD4B5F}.Debug|Any CPU.ActiveCfg = Debug|Any CPU
		{F11BCC97-A0CF-402F-8BE0-289BFAAD4B5F}.Debug|Any CPU.Build.0 = Debug|Any CPU
		{F11BCC97-A0CF-402F-8BE0-289BFAAD4B5F}.Release|Any CPU.ActiveCfg = Release|Any CPU
		{F11BCC97-A0CF-402F-8BE0-289BFAAD4B5F}.Release|Any CPU.Build.0 = Release|Any CPU
		{0D800EA2-B318-4B6E-8081-CFBE99511665}.Debug|Any CPU.ActiveCfg = Debug|Any CPU
		{0D800EA2-B318-4B6E-8081-CFBE99511665}.Debug|Any CPU.Build.0 = Debug|Any CPU
		{0D800EA2-B318-4B6E-8081-CFBE99511665}.Release|Any CPU.ActiveCfg = Release|Any CPU
		{0D800EA2-B318-4B6E-8081-CFBE99511665}.Release|Any CPU.Build.0 = Release|Any CPU
	EndGlobalSection
	GlobalSection(SolutionProperties) = preSolution
		HideSolutionNode = FALSE
	EndGlobalSection
	GlobalSection(ExtensibilityGlobals) = postSolution
		SolutionGuid = {EBED5C6A-0C58-485F-B842-CD7C8DD4CF1F}
	EndGlobalSection
EndGlobal
